
Microsoft Visual Studio Solution File, Format Version 12.00
# Visual Studio Version 16
VisualStudioVersion = 16.0.31005.135
MinimumVisualStudioVersion = 10.0.40219.1
Project("{FAE04EC0-301F-11D3-BF4B-00C04F79EFBC}") = "PracticeLinq", "PracticeLinq\PracticeLinq.csproj", "{6EB9102D-83CE-4FAC-BC71-54E7B17370AB}"
EndProject
Global
	GlobalSection(SolutionConfigurationPlatforms) = preSolution
		Debug|Any CPU = Debug|Any CPU
		Release|Any CPU = Release|Any CPU
	EndGlobalSection
	GlobalSection(ProjectConfigurationPlatforms) = postSolution
		{6EB9102D-83CE-4FAC-BC71-54E7B17370AB}.Debug|Any CPU.ActiveCfg = Debug|Any CPU
		{6EB9102D-83CE-4FAC-BC71-54E7B17370AB}.Debug|Any CPU.Build.0 = Debug|Any CPU
		{6EB9102D-83CE-4FAC-BC71-54E7B17370AB}.Release|Any CPU.ActiveCfg = Release|Any CPU
		{6EB9102D-83CE-4FAC-BC71-54E7B17370AB}.Release|Any CPU.Build.0 = Release|Any CPU
	EndGlobalSection
	GlobalSection(SolutionProperties) = preSolution
		HideSolutionNode = FALSE
	EndGlobalSection
	GlobalSection(ExtensibilityGlobals) = postSolution
		SolutionGuid = {270CFC2B-C67B-4950-949D-D2248BB3A9DE}
	EndGlobalSection
EndGlobal
